
Microsoft Visual Studio Solution File, Format Version 12.00
# Visual Studio Version 17
VisualStudioVersion = 17.14.36408.4 d17.14
MinimumVisualStudioVersion = 10.0.40219.1
Project("{FAE04EC0-301F-11D3-BF4B-00C04F79EFBC}") = "StudentsCRUD", "StudentsCRUD.csproj", "{0F556C46-414F-49FC-8AA5-0A89B948319D}"
EndProject
Global
	GlobalSection(SolutionConfigurationPlatforms) = preSolution
		Debug|Any CPU = Debug|Any CPU
		Release|Any CPU = Release|Any CPU
	EndGlobalSection
	GlobalSection(ProjectConfigurationPlatforms) = postSolution
		{0F556C46-414F-49FC-8AA5-0A89B948319D}.Debug|Any CPU.ActiveCfg = Debug|Any CPU
		{0F556C46-414F-49FC-8AA5-0A89B948319D}.Debug|Any CPU.Build.0 = Debug|Any CPU
		{0F556C46-414F-49FC-8AA5-0A89B948319D}.Release|Any CPU.ActiveCfg = Release|Any CPU
		{0F556C46-414F-49FC-8AA5-0A89B948319D}.Release|Any CPU.Build.0 = Release|Any CPU
	EndGlobalSection
	GlobalSection(SolutionProperties) = preSolution
		HideSolutionNode = FALSE
	EndGlobalSection
	GlobalSection(ExtensibilityGlobals) = postSolution
		SolutionGuid = {81983972-9172-49E8-9C27-BE418D9E9D6D}
	EndGlobalSection
EndGlobal
